%{
  "burrito": {:hex, :burrito, "1.5.0", "d68ec01df2871f1d5bc603b883a78546c75761ac73c1bec1b7ae2cc74790fcd1", [:mix], [{:jason, "~> 1.4", [hex: :jason, repo: "hexpm", optional: false]}, {:req, ">= 0.5.0", [hex: :req, repo: "hexpm", optional: false]}, {:typed_struct, "~> 0.2.0 or ~> 0.3.0", [hex: :typed_struct, repo: "hexpm", optional: false]}], "hexpm", "3861abda7bffa733862b48da3e03df0b4cd41abf6fd24b91745f5c16d971e5fa"},
  "exception": {:hex, :exception, "2.1.0", "16269171ae9e813fdb9ea627715b4c1ed03569a7568c23b5a5cedde28158e124", [:gleam], [{:gleam_stdlib, "~> 0.30 or ~> 1.0", [hex: :gleam_stdlib, repo: "hexpm", optional: false]}], "hexpm", "329d269d5c2a314f7364bd2711372b6f2c58fa6f39981572e5ca68624d291f8c"},
  "finch": {:hex, :finch, "0.21.0", "b1c3b2d48af02d0c66d2a9ebfb5622be5c5ecd62937cf79a88a7f98d48a8290c", [:mix], [{:mime, "~> 1.0 or ~> 2.0", [hex: :mime, repo: "hexpm", optional: false]}, {:mint, "~> 1.6.2 or ~> 1.7", [hex: :mint, repo: "hexpm", optional: false]}, {:nimble_options, "~> 0.4 or ~> 1.0", [hex: :nimble_options, repo: "hexpm", optional: false]}, {:nimble_pool, "~> 1.1", [hex: :nimble_pool, repo: "hexpm", optional: false]}, {:telemetry, "~> 0.4 or ~> 1.0", [hex: :telemetry, repo: "hexpm", optional: false]}], "hexpm", "87dc6e169794cb2570f75841a19da99cfde834249568f2a5b121b809588a4377"},
  "gleam_crypto": {:hex, :gleam_crypto, "1.6.0", "1a4312d741ecbf7be48f93b9f64b20a2c314b659b5dc446611ae6acef8d5be5b", [:gleam], [{:gleam_stdlib, ">= 1.0.0 and < 2.0.0", [hex: :gleam_stdlib, repo: "hexpm", optional: false]}], "hexpm", "2de9e4ef53cf6fee049d4f765731f7178f7a11aefae00eee63bf7536b354ad3f"},
  "gleam_erlang": {:hex, :gleam_erlang, "1.3.0", "9fcd816c34bfe04fb011e481086575755d7dc699af729d621a039667f10cb9ff", [:gleam], [{:gleam_stdlib, ">= 0.53.0 and < 2.0.0", [hex: :gleam_stdlib, repo: "hexpm", optional: false]}], "hexpm", "1124ad3aa21143e5af0fc5cf3d9529f6db8ca03e43a55711b60b6b7b3874375c"},
  "gleam_http": {:hex, :gleam_http, "4.3.0", "ead739f30be45cb4113d544f65c14da5d7fb0dd79710ffcd4b30e4a9e59505e5", [:gleam], [{:gleam_stdlib, ">= 0.45.0 and < 2.0.0", [hex: :gleam_stdlib, repo: "hexpm", optional: false]}], "hexpm", "82ea6a717c842456188c190afb372665ea56ce13d8559bf3b1dd9e40f619ee0c"},
  "gleam_javascript": {:hex, :gleam_javascript, "1.0.0", "487126ca7a29777a12e4b5fc509a634f7dc2b38145f1725c1ac10730ec8098f8", [:gleam], [{:gleam_stdlib, ">= 0.19.0 and < 2.0.0", [hex: :gleam_stdlib, repo: "hexpm", optional: false]}], "hexpm", "ef6c77a506f026c6fb37941889477cd5e4234fcd4337ff0e9384e297cb8f97eb"},
  "gleam_json": {:hex, :gleam_json, "3.1.0", "c45bef8df30599f528829dc95a3eb8b955221099a3234e5947426fc89d708ecd", [:gleam], [{:gleam_stdlib, ">= 0.51.0 and < 2.0.0", [hex: :gleam_stdlib, repo: "hexpm", optional: false]}], "hexpm", "44fdaa8847be8fc48ca7a1c089706bd54badcc4c45b237a992eddf9f2cdb2836"},
  "gleam_otp": {:hex, :gleam_otp, "1.2.0", "36339de23e13de2f17b166b0f9e4b767088700b47fcc42bd154b1e121c7d2155", [:gleam], [{:gleam_erlang, ">= 1.0.0 and < 2.0.0", [hex: :gleam_erlang, repo: "hexpm", optional: false]}, {:gleam_stdlib, ">= 0.60.0 and < 2.0.0", [hex: :gleam_stdlib, repo: "hexpm", optional: false]}], "hexpm", "ba6a294e295e428ec1562dc1c11ea7530dcb981e8359134beabc8493b7b2258e"},
  "gleam_regexp": {:hex, :gleam_regexp, "1.1.1", "3d69d7e3dd2833aaf2b14971b1e1fb74b3874d54c4a7bb2ccde3ec4f20c59151", [:gleam], [{:gleam_stdlib, ">= 0.34.0 and < 2.0.0", [hex: :gleam_stdlib, repo: "hexpm", optional: false]}], "hexpm", "9c215c6ca84a5b35bb934a9b61a9a306ec743153be2b0425a0d032e477b062a9"},
  "gleam_stdlib": {:hex, :gleam_stdlib, "1.0.0", "e18c15a59638cd55f908c1f9fcf757514fa4a9f939d270c29f23264345a8eae7", [:gleam], [], "hexpm", "960090c2fb391784bb34267b099dc9315cc1b1f6013e7415bc763cef1905d7d3"},
  "gleam_yielder": {:hex, :gleam_yielder, "1.1.0", "c0a3859f5919c062fd041795d665b8a7e8efcebf0920a40afde6181a63743476", [:gleam], [{:gleam_stdlib, ">= 0.34.0 and < 2.0.0", [hex: :gleam_stdlib, repo: "hexpm", optional: false]}], "hexpm", "8e4e4ecfa7982859f430c57f549200c7749823c106759f4a19a78aea6687717a"},
  "gleeunit": {:hex, :gleeunit, "1.10.0", "883ae194885ef1ee114b07f872dd50ab133e36c7b51fd580a1106efd84fed42f", [:gleam], [{:gleam_stdlib, ">= 1.0.0 and < 2.0.0", [hex: :gleam_stdlib, repo: "hexpm", optional: false]}], "hexpm", "254b697fe72eead7bf82e941723918e421317813ac49923ee76a18c788c61e72"},
  "glisten": {:hex, :glisten, "9.0.1", "08c896e002e2698735867484857b73531e793af5e48b6f3bb45ed63658f67226", [:gleam], [{:gleam_erlang, ">= 1.0.0 and < 2.0.0", [hex: :gleam_erlang, repo: "hexpm", optional: false]}, {:gleam_otp, ">= 1.2.0 and < 2.0.0", [hex: :gleam_otp, repo: "hexpm", optional: false]}, {:gleam_stdlib, ">= 1.0.0 and < 2.0.0", [hex: :gleam_stdlib, repo: "hexpm", optional: false]}, {:logging, ">= 1.3.0 and < 2.0.0", [hex: :logging, repo: "hexpm", optional: false]}], "hexpm", "7795aa50830656f3a0316a6b26595f893c83272da901b3405e31339caa31a10b"},
  "gramps": {:hex, :gramps, "6.0.1", "0023be7e4e9cbfc497bf7f5f6ad0973590dcef93e66077329bc741a5254beda0", [:gleam], [{:gleam_crypto, ">= 1.3.0 and < 2.0.0", [hex: :gleam_crypto, repo: "hexpm", optional: false]}, {:gleam_erlang, ">= 1.0.0 and < 2.0.0", [hex: :gleam_erlang, repo: "hexpm", optional: false]}, {:gleam_http, ">= 3.6.0 and < 5.0.0", [hex: :gleam_http, repo: "hexpm", optional: false]}, {:gleam_stdlib, ">= 1.0.0 and < 2.0.0", [hex: :gleam_stdlib, repo: "hexpm", optional: false]}], "hexpm", "d55636072dee173f6586a5679d3c02ec7a0de3f8646b78c351b72908ff223df7"},
  "hpack_erl": {:hex, :hpack_erl, "0.3.0", "2461899cc4ab6a0ef8e970c1661c5fc6a52d3c25580bc6dd204f84ce94669926", [:rebar3], [], "hexpm", "d6137d7079169d8c485c6962dfe261af5b9ef60fbc557344511c1e65e3d95fb0"},
  "hpax": {:hex, :hpax, "1.0.3", "ed67ef51ad4df91e75cc6a1494f851850c0bd98ebc0be6e81b026e765ee535aa", [:mix], [], "hexpm", "8eab6e1cfa8d5918c2ce4ba43588e894af35dbd8e91e6e55c817bca5847df34a"},
  "jason": {:hex, :jason, "1.4.4", "b9226785a9aa77b6857ca22832cffa5d5011a667207eb2a0ad56adb5db443b8a", [:mix], [{:decimal, "~> 1.0 or ~> 2.0", [hex: :decimal, repo: "hexpm", optional: true]}], "hexpm", "c5eb0cab91f094599f94d55bc63409236a8ec69a21a67814529e8d5f6cc90b3b"},
  "logging": {:hex, :logging, "1.5.0", "30acb5b490fedb8ba3500d6d5931a4e58c0a047d23c8d333d4a9f2fa5cc3c23c", [:gleam], [{:gleam_stdlib, "~> 0.34 or ~> 1.0", [hex: :gleam_stdlib, repo: "hexpm", optional: false]}], "hexpm", "bc5f18ce5dd9686100229fe5409bdc3dd5c46d5a7df2f804ad2d8f0dd6c5060e"},
  "mime": {:hex, :mime, "2.0.7", "b8d739037be7cd402aee1ba0306edfdef982687ee7e9859bee6198c1e7e2f128", [:mix], [], "hexpm", "6171188e399ee16023ffc5b76ce445eb6d9672e2e241d2df6050f3c771e80ccd"},
  "mint": {:hex, :mint, "1.7.1", "113fdb2b2f3b59e47c7955971854641c61f378549d73e829e1768de90fc1abf1", [:mix], [{:castore, "~> 0.1.0 or ~> 1.0", [hex: :castore, repo: "hexpm", optional: true]}, {:hpax, "~> 0.1.1 or ~> 0.2.0 or ~> 1.0", [hex: :hpax, repo: "hexpm", optional: false]}], "hexpm", "fceba0a4d0f24301ddee3024ae116df1c3f4bb7a563a731f45fdfeb9d39a231b"},
  "mist": {:hex, :mist, "6.0.3", "5a8f4850d7bed7c784b29361b927cdb6de459fe44385b2eb38daa5aabc3c89fa", [:gleam], [{:exception, ">= 2.1.0 and < 3.0.0", [hex: :exception, repo: "hexpm", optional: false]}, {:gleam_erlang, ">= 1.0.0 and < 2.0.0", [hex: :gleam_erlang, repo: "hexpm", optional: false]}, {:gleam_http, ">= 4.0.0 and < 5.0.0", [hex: :gleam_http, repo: "hexpm", optional: false]}, {:gleam_otp, ">= 1.2.0 and < 2.0.0", [hex: :gleam_otp, repo: "hexpm", optional: false]}, {:gleam_stdlib, ">= 1.0.0 and < 2.0.0", [hex: :gleam_stdlib, repo: "hexpm", optional: false]}, {:glisten, ">= 9.0.0 and < 10.0.0", [hex: :glisten, repo: "hexpm", optional: false]}, {:gramps, ">= 6.0.0 and < 7.0.0", [hex: :gramps, repo: "hexpm", optional: false]}, {:hpack_erl, ">= 0.3.0 and < 1.0.0", [hex: :hpack_erl, repo: "hexpm", optional: false]}, {:logging, ">= 1.0.0 and < 2.0.0", [hex: :logging, repo: "hexpm", optional: false]}], "hexpm", "1b07f321d5fa0cb162d81496f2de96aeb6ef8980f4f38230a4cc3f849497e020"},
  "nimble_options": {:hex, :nimble_options, "1.1.1", "e3a492d54d85fc3fd7c5baf411d9d2852922f66e69476317787a7b2bb000a61b", [:mix], [], "hexpm", "821b2470ca9442c4b6984882fe9bb0389371b8ddec4d45a9504f00a66f650b44"},
  "nimble_pool": {:hex, :nimble_pool, "1.1.0", "bf9c29fbdcba3564a8b800d1eeb5a3c58f36e1e11d7b7fb2e084a643f645f06b", [:mix], [], "hexpm", "af2e4e6b34197db81f7aad230c1118eac993acc0dae6bc83bac0126d4ae0813a"},
  "oas_generator_utils": {:hex, :oas_generator_utils, "1.1.0", "47b8cea095eac0e0f6d4e9e2b9c78a5bbcaddf3083e40ee7c355b385b7f40172", [:gleam], [{:gleam_http, ">= 4.1.1 and < 5.0.0", [hex: :gleam_http, repo: "hexpm", optional: false]}, {:gleam_javascript, ">= 1.0.0 and < 2.0.0", [hex: :gleam_javascript, repo: "hexpm", optional: false]}, {:gleam_json, ">= 3.0.2 and < 4.0.0", [hex: :gleam_json, repo: "hexpm", optional: false]}, {:gleam_stdlib, ">= 0.44.0 and < 2.0.0", [hex: :gleam_stdlib, repo: "hexpm", optional: false]}], "hexpm", "54fe8bd638ad149ba943add0a8a66e549b2288328ab3ebf764d52805a041ea96"},
  "pollux": {:hex, :pollux, "1.0.0", "be5b33b9be9328657a946bb1753ef344713631b98c27e57d94c3ad97646d527f", [:gleam], [{:gleam_json, ">= 3.1.0 and < 4.0.0", [hex: :gleam_json, repo: "hexpm", optional: false]}, {:gleam_stdlib, ">= 0.44.0 and < 2.0.0", [hex: :gleam_stdlib, repo: "hexpm", optional: false]}, {:oas_generator_utils, ">= 1.1.0 and < 2.0.0", [hex: :oas_generator_utils, repo: "hexpm", optional: false]}], "hexpm", "34d9c4d226284670b48728b02480559820120d56e66508425315182aa0b80f2c"},
  "prng": {:hex, :prng, "5.1.0", "235d27babf67e2a9e237db730cb1cbf077571bde43fd1e17263aa51f412ba0b9", [:gleam], [{:gleam_stdlib, ">= 0.45.0 and < 2.0.0", [hex: :gleam_stdlib, repo: "hexpm", optional: false]}], "hexpm", "29da88bcfb54d06dd1472951df101e9524878056d139da2616b04350b403ce10"},
  "qcheck": {:hex, :qcheck, "1.0.4", "2eaa3be1c1f9d63b7af9f23191c88f96e7960cf6c0b87a06100b20f9836a30b8", [:gleam], [{:exception, ">= 2.0.0 and < 3.0.0", [hex: :exception, repo: "hexpm", optional: false]}, {:gleam_regexp, ">= 1.0.0 and < 2.0.0", [hex: :gleam_regexp, repo: "hexpm", optional: false]}, {:gleam_stdlib, ">= 0.52.0", [hex: :gleam_stdlib, repo: "hexpm", optional: false]}, {:gleam_yielder, ">= 1.1.0 and < 2.0.0", [hex: :gleam_yielder, repo: "hexpm", optional: false]}, {:prng, ">= 5.0.0 and < 6.0.0", [hex: :prng, repo: "hexpm", optional: false]}], "hexpm", "bd9b18c1602fbc667e3e139ed270458f8c743ed791f892cc90989ce10478c4fa"},
  "req": {:hex, :req, "0.5.17", "0096ddd5b0ed6f576a03dde4b158a0c727215b15d2795e59e0916c6971066ede", [:mix], [{:brotli, "~> 0.3.1", [hex: :brotli, repo: "hexpm", optional: true]}, {:ezstd, "~> 1.0", [hex: :ezstd, repo: "hexpm", optional: true]}, {:finch, "~> 0.17", [hex: :finch, repo: "hexpm", optional: false]}, {:jason, "~> 1.0", [hex: :jason, repo: "hexpm", optional: false]}, {:mime, "~> 2.0.6 or ~> 2.1", [hex: :mime, repo: "hexpm", optional: false]}, {:nimble_csv, "~> 1.0", [hex: :nimble_csv, repo: "hexpm", optional: true]}, {:plug, "~> 1.0", [hex: :plug, repo: "hexpm", optional: true]}], "hexpm", "0b8bc6ffdfebbc07968e59d3ff96d52f2202d0536f10fef4dc11dc02a2a43e39"},
  "telemetry": {:hex, :telemetry, "1.4.1", "ab6de178e2b29b58e8256b92b382ea3f590a47152ca3651ea857a6cae05ac423", [:rebar3], [], "hexpm", "2172e05a27531d3d31dd9782841065c50dd5c3c7699d95266b2edd54c2dafa1c"},
  "typed_struct": {:hex, :typed_struct, "0.3.0", "939789e3c1dca39d7170c87f729127469d1315dcf99fee8e152bb774b17e7ff7", [:mix], [], "hexpm", "c50bd5c3a61fe4e198a8504f939be3d3c85903b382bde4865579bc23111d1b6d"},
}
